# THIS IS AN AUTOGENERATED FILE. DO NOT EDIT THIS FILE DIRECTLY.
# yarn lockfile v1


cloudinary@^1.19.0:
  version "1.19.0"
  resolved "https://registry.yarnpkg.com/cloudinary/-/cloudinary-1.19.0.tgz#333dafb53ee32efea5457e28a80ecb8f6d31e48c"
  integrity sha512-oEz4Fsqshd9SI7UAvF1CCyAmt3wgsv8tK1eRY0900gQaq+wP8TAzpruxpbQCmxvF6gL9Po7OpO0m0Jefx6uK8w==
  dependencies:
    lodash "^4.17.11"
    q "^1.5.1"
    typescript "^2.9.2"

lodash@^4.17.11:
  version "4.17.15"
  resolved "https://registry.yarnpkg.com/lodash/-/lodash-4.17.15.tgz#b447f6670a0455bbfeedd11392eff330ea097548"
  integrity sha512-8xOcRHvCjnocdS5cpwXQXVzmmh5e5+saE2QGoeQmbKmRS6J3VQppPOIt0MnmE+4xlZoumy0GPG0D0MVIQbNA1A==

multer-storage-cloudinary@^2.2.1:
  version "2.2.1"
  resolved "https://registry.yarnpkg.com/multer-storage-cloudinary/-/multer-storage-cloudinary-2.2.1.tgz#d31f25b8f095203f31c9e554c01ad8c691b1a974"
  integrity sha1-0x8luPCVID8xyeVUwBrYxpGxqXQ=
  dependencies:
    run-parallel "^1.1.6"

q@^1.5.1:
  version "1.5.1"
  resolved "https://registry.yarnpkg.com/q/-/q-1.5.1.tgz#7e32f75b41381291d04611f1bf14109ac00651d7"
  integrity sha1-fjL3W0E4EpHQRhHxvxQQmsAGUdc=

run-parallel@^1.1.6:
  version "1.1.9"
  resolved "https://registry.yarnpkg.com/run-parallel/-/run-parallel-1.1.9.tgz#c9dd3a7cf9f4b2c4b6244e173a6ed866e61dd679"
  integrity sha512-DEqnSRTDw/Tc3FXf49zedI638Z9onwUotBMiUFKmrO2sdFKIbXamXGQ3Axd4qgphxKB4kw/qP1w5kTxnfU1B9Q==

typescript@^2.9.2:
  version "2.9.2"
  resolved "https://registry.yarnpkg.com/typescript/-/typescript-2.9.2.tgz#1cbf61d05d6b96269244eb6a3bce4bd914e0f00c"
  integrity sha512-Gr4p6nFNaoufRIY4NMdpQRNmgxVIGMs4Fcu/ujdYk3nAZqk7supzBE9idmvfZIlH/Cuj//dvi+019qEue9lV0w==
